
Microsoft Visual Studio Solution File, Format Version 11.00
# Visual Studio 2010
Project("{FAE04EC0-301F-11D3-BF4B-00C04F79EFBC}") = "udacity-vr-capstone", "Assembly-CSharp.csproj", "{0FA87DF5-26DC-20FD-EA4B-C90C105D506A}"
EndProject
Project("{FAE04EC0-301F-11D3-BF4B-00C04F79EFBC}") = "udacity-vr-capstone", "Assembly-CSharp-Editor.csproj", "{2A144DD4-86C5-1900-4D2C-DE74E59DD58E}"
EndProject
Global
	GlobalSection(SolutionConfigurationPlatforms) = preSolution
		Debug|Any CPU = Debug|Any CPU
		Release|Any CPU = Release|Any CPU
	EndGlobalSection
	GlobalSection(ProjectConfigurationPlatforms) = postSolution
		{0FA87DF5-26DC-20FD-EA4B-C90C105D506A}.Debug|Any CPU.ActiveCfg = Debug|Any CPU
		{0FA87DF5-26DC-20FD-EA4B-C90C105D506A}.Debug|Any CPU.Build.0 = Debug|Any CPU
		{0FA87DF5-26DC-20FD-EA4B-C90C105D506A}.Release|Any CPU.ActiveCfg = Release|Any CPU
		{0FA87DF5-26DC-20FD-EA4B-C90C105D506A}.Release|Any CPU.Build.0 = Release|Any CPU
		{2A144DD4-86C5-1900-4D2C-DE74E59DD58E}.Debug|Any CPU.ActiveCfg = Debug|Any CPU
		{2A144DD4-86C5-1900-4D2C-DE74E59DD58E}.Debug|Any CPU.Build.0 = Debug|Any CPU
		{2A144DD4-86C5-1900-4D2C-DE74E59DD58E}.Release|Any CPU.ActiveCfg = Release|Any CPU
		{2A144DD4-86C5-1900-4D2C-DE74E59DD58E}.Release|Any CPU.Build.0 = Release|Any CPU
	EndGlobalSection
	GlobalSection(SolutionProperties) = preSolution
		HideSolutionNode = FALSE
	EndGlobalSection
	GlobalSection(MonoDevelopProperties) = preSolution
		StartupItem = Assembly-CSharp.csproj
	EndGlobalSection
EndGlobal
